
Microsoft Visual Studio Solution File, Format Version 12.00
# Visual Studio Version 17
VisualStudioVersion = 17.14.36603.0
MinimumVisualStudioVersion = 10.0.40219.1
Project("{FAE04EC0-301F-11D3-BF4B-00C04F79EFBC}") = "evacuationApi", "evacuationApi\evacuationApi.csproj", "{D34B2311-0BB5-487A-B41B-B962992CBC7B}"
EndProject
Project("{FAE04EC0-301F-11D3-BF4B-00C04F79EFBC}") = "evacuation.Domain", "Domain\evacuation.Domain.csproj", "{AB32991B-3942-4AB5-A0C4-7F85AE353161}"
EndProject
Project("{FAE04EC0-301F-11D3-BF4B-00C04F79EFBC}") = "evacuation.Application", "Application\evacuation.Application.csproj", "{EB700CDC-0211-4896-8CB5-F0E91444DAAE}"
EndProject
Project("{FAE04EC0-301F-11D3-BF4B-00C04F79EFBC}") = "evacuation.Infrastructure", "Infrastructure\evacuation.Infrastructure.csproj", "{A9C41983-A379-4246-B968-9F9882507CEF}"
EndProject
Global
	GlobalSection(SolutionConfigurationPlatforms) = preSolution
		Debug|Any CPU = Debug|Any CPU
		Release|Any CPU = Release|Any CPU
	EndGlobalSection
	GlobalSection(ProjectConfigurationPlatforms) = postSolution
		{D34B2311-0BB5-487A-B41B-B962992CBC7B}.Debug|Any CPU.ActiveCfg = Debug|Any CPU
		{D34B2311-0BB5-487A-B41B-B962992CBC7B}.Debug|Any CPU.Build.0 = Debug|Any CPU
		{D34B2311-0BB5-487A-B41B-B962992CBC7B}.Release|Any CPU.ActiveCfg = Release|Any CPU
		{D34B2311-0BB5-487A-B41B-B962992CBC7B}.Release|Any CPU.Build.0 = Release|Any CPU
		{AB32991B-3942-4AB5-A0C4-7F85AE353161}.Debug|Any CPU.ActiveCfg = Debug|Any CPU
		{AB32991B-3942-4AB5-A0C4-7F85AE353161}.Debug|Any CPU.Build.0 = Debug|Any CPU
		{AB32991B-3942-4AB5-A0C4-7F85AE353161}.Release|Any CPU.ActiveCfg = Release|Any CPU
		{AB32991B-3942-4AB5-A0C4-7F85AE353161}.Release|Any CPU.Build.0 = Release|Any CPU
		{EB700CDC-0211-4896-8CB5-F0E91444DAAE}.Debug|Any CPU.ActiveCfg = Debug|Any CPU
		{EB700CDC-0211-4896-8CB5-F0E91444DAAE}.Debug|Any CPU.Build.0 = Debug|Any CPU
		{EB700CDC-0211-4896-8CB5-F0E91444DAAE}.Release|Any CPU.ActiveCfg = Release|Any CPU
		{EB700CDC-0211-4896-8CB5-F0E91444DAAE}.Release|Any CPU.Build.0 = Release|Any CPU
		{A9C41983-A379-4246-B968-9F9882507CEF}.Debug|Any CPU.ActiveCfg = Debug|Any CPU
		{A9C41983-A379-4246-B968-9F9882507CEF}.Debug|Any CPU.Build.0 = Debug|Any CPU
		{A9C41983-A379-4246-B968-9F9882507CEF}.Release|Any CPU.ActiveCfg = Release|Any CPU
		{A9C41983-A379-4246-B968-9F9882507CEF}.Release|Any CPU.Build.0 = Release|Any CPU
	EndGlobalSection
	GlobalSection(SolutionProperties) = preSolution
		HideSolutionNode = FALSE
	EndGlobalSection
	GlobalSection(ExtensibilityGlobals) = postSolution
		SolutionGuid = {856BC250-F4D5-4996-9F9F-1545130E3D07}
	EndGlobalSection
EndGlobal
